
Microsoft Visual Studio Solution File, Format Version 12.00
# Visual Studio 15
VisualStudioVersion = 15.0.28307.1831
MinimumVisualStudioVersion = 10.0.40219.1
Project("{8BC9CEB8-8B4A-11D0-8D11-00A0C91BC942}") = "Matricula", "Matricula\Matricula.vcxproj", "{29421B23-5BB7-4EF3-838E-C6A09518CFCD}"
EndProject
Global
	GlobalSection(SolutionConfigurationPlatforms) = preSolution
		Debug|x64 = Debug|x64
		Debug|x86 = Debug|x86
		Release|x64 = Release|x64
		Release|x86 = Release|x86
	EndGlobalSection
	GlobalSection(ProjectConfigurationPlatforms) = postSolution
		{29421B23-5BB7-4EF3-838E-C6A09518CFCD}.Debug|x64.ActiveCfg = Debug|x64
		{29421B23-5BB7-4EF3-838E-C6A09518CFCD}.Debug|x64.Build.0 = Debug|x64
		{29421B23-5BB7-4EF3-838E-C6A09518CFCD}.Debug|x86.ActiveCfg = Debug|Win32
		{29421B23-5BB7-4EF3-838E-C6A09518CFCD}.Debug|x86.Build.0 = Debug|Win32
		{29421B23-5BB7-4EF3-838E-C6A09518CFCD}.Release|x64.ActiveCfg = Release|x64
		{29421B23-5BB7-4EF3-838E-C6A09518CFCD}.Release|x64.Build.0 = Release|x64
		{29421B23-5BB7-4EF3-838E-C6A09518CFCD}.Release|x86.ActiveCfg = Release|Win32
		{29421B23-5BB7-4EF3-838E-C6A09518CFCD}.Release|x86.Build.0 = Release|Win32
	EndGlobalSection
	GlobalSection(SolutionProperties) = preSolution
		HideSolutionNode = FALSE
	EndGlobalSection
	GlobalSection(ExtensibilityGlobals) = postSolution
		SolutionGuid = {F1C4DABA-C729-45A5-A712-9A5D383048AA}
	EndGlobalSection
EndGlobal
